# This file is @generated by PDM.
# It is not intended for manual editing.

[metadata]
groups = ["default"]
strategy = ["inherit_metadata"]
lock_version = "4.5.0"
content_hash = "sha256:41e600eeda60390b5b54fb51acfc177f4a3dc63c5c4026a06b89733814e04756"

[[metadata.targets]]
requires_python = "==3.12.*"

[[package]]
name = "pymupdf"
version = "1.25.2"
requires_python = ">=3.9"
summary = "A high performance Python library for data extraction, analysis, conversion & manipulation of PDF (and other) documents."
groups = ["default"]
files = [
    {file = "pymupdf-1.25.2-cp39-abi3-macosx_10_9_x86_64.whl", hash = "sha256:59dea22b633cc4fc13670b4c5db50d71f8cd4f420814420f33ce47ddcb61e1f6"},
    {file = "pymupdf-1.25.2-cp39-abi3-macosx_11_0_arm64.whl", hash = "sha256:e8b8a874497cd0deee89a6a4fb76a3a08173c8d39e88fc7cf715764ec5a243e9"},
    {file = "pymupdf-1.25.2-cp39-abi3-manylinux2014_aarch64.manylinux_2_17_aarch64.whl", hash = "sha256:f61e5cdb25b86eb28d34aa3557b49ecf9e361d5f5cd3b1660406f8f0bf813af7"},
    {file = "pymupdf-1.25.2-cp39-abi3-manylinux2014_x86_64.manylinux_2_17_x86_64.whl", hash = "sha256:ae8cfa7a97d78f813d286ecba32369059d88073edd1e5cf105f4cd0811f71925"},
    {file = "pymupdf-1.25.2-cp39-abi3-musllinux_1_2_x86_64.whl", hash = "sha256:295505fe1ecb7c7b57d4124d373e207ea311d8e40bc7ac3016d8ec2d60b091e9"},
    {file = "pymupdf-1.25.2-cp39-abi3-win32.whl", hash = "sha256:b9488c8b82bb9be36fb13ee0c8d43b0ddcc50af83b61da01e6040413d9e67da6"},
    {file = "pymupdf-1.25.2-cp39-abi3-win_amd64.whl", hash = "sha256:1b4ca6f5780d319a08dff885a5a0e3585c5d7af04dcfa063c535b88371fd91c1"},
    {file = "pymupdf-1.25.2.tar.gz", hash = "sha256:9ea88ff1b3ccb359620f106a6fd5ba6877d959d21d78272052c3496ceede6eec"},
]
